
Microsoft Visual Studio Solution File, Format Version 12.00
# Visual Studio Version 16
VisualStudioVersion = 16.0.31729.503
MinimumVisualStudioVersion = 10.0.40219.1
Project("{FAE04EC0-301F-11D3-BF4B-00C04F79EFBC}") = "Pastane_Maliyetlendirme_Sistemi", "Deneme3\Pastane_Maliyetlendirme_Sistemi.csproj", "{C802521B-0E94-4E6A-93A9-95F5333744FE}"
EndProject
Global
	GlobalSection(SolutionConfigurationPlatforms) = preSolution
		Debug|Any CPU = Debug|Any CPU
		Release|Any CPU = Release|Any CPU
	EndGlobalSection
	GlobalSection(ProjectConfigurationPlatforms) = postSolution
		{C802521B-0E94-4E6A-93A9-95F5333744FE}.Debug|Any CPU.ActiveCfg = Debug|Any CPU
		{C802521B-0E94-4E6A-93A9-95F5333744FE}.Debug|Any CPU.Build.0 = Debug|Any CPU
		{C802521B-0E94-4E6A-93A9-95F5333744FE}.Release|Any CPU.ActiveCfg = Release|Any CPU
		{C802521B-0E94-4E6A-93A9-95F5333744FE}.Release|Any CPU.Build.0 = Release|Any CPU
	EndGlobalSection
	GlobalSection(SolutionProperties) = preSolution
		HideSolutionNode = FALSE
	EndGlobalSection
	GlobalSection(ExtensibilityGlobals) = postSolution
		SolutionGuid = {2035D37B-8865-4FD0-8021-837A2E9E11B9}
	EndGlobalSection
EndGlobal
